
Microsoft Visual Studio Solution File, Format Version 12.00
Project("{FAE04EC0-301F-11D3-BF4B-00C04F79EFBC}") = "mission5", "mission5\mission5.csproj", "{AB8150A8-0DF0-4DA7-B42E-AEA6EA3092F7}"
EndProject
Global
	GlobalSection(SolutionConfigurationPlatforms) = preSolution
		Debug|Any CPU = Debug|Any CPU
		Release|Any CPU = Release|Any CPU
	EndGlobalSection
	GlobalSection(ProjectConfigurationPlatforms) = postSolution
		{AB8150A8-0DF0-4DA7-B42E-AEA6EA3092F7}.Debug|Any CPU.ActiveCfg = Debug|Any CPU
		{AB8150A8-0DF0-4DA7-B42E-AEA6EA3092F7}.Debug|Any CPU.Build.0 = Debug|Any CPU
		{AB8150A8-0DF0-4DA7-B42E-AEA6EA3092F7}.Release|Any CPU.ActiveCfg = Release|Any CPU
		{AB8150A8-0DF0-4DA7-B42E-AEA6EA3092F7}.Release|Any CPU.Build.0 = Release|Any CPU
	EndGlobalSection
EndGlobal
